
Microsoft Visual Studio Solution File, Format Version 12.00
# Visual Studio Version 17
VisualStudioVersion = 17.5.33516.290
MinimumVisualStudioVersion = 10.0.40219.1
Project("{9A19103F-16F7-4668-BE54-9A1E7A4F7556}") = "Day2", "Day2\Day2.csproj", "{18EEF11B-C66B-4302-8361-C85F7CC4837C}"
EndProject
Project("{9A19103F-16F7-4668-BE54-9A1E7A4F7556}") = "LowerthanSix", "LowerthanSix\LowerthanSix.csproj", "{2ADFABA3-BF88-421B-BDDC-FAF47C259B2B}"
EndProject
Project("{9A19103F-16F7-4668-BE54-9A1E7A4F7556}") = "Example", "Example\Example.csproj", "{4E061CD0-14A1-4BD7-9D61-F02B4822C6BA}"
EndProject
Project("{FAE04EC0-301F-11D3-BF4B-00C04F79EFBC}") = "Day3", "Day3\Day3.csproj", "{700F9530-03E8-47C0-A995-07A2DB553DA8}"
EndProject
Global
	GlobalSection(SolutionConfigurationPlatforms) = preSolution
		Debug|Any CPU = Debug|Any CPU
		Release|Any CPU = Release|Any CPU
	EndGlobalSection
	GlobalSection(ProjectConfigurationPlatforms) = postSolution
		{18EEF11B-C66B-4302-8361-C85F7CC4837C}.Debug|Any CPU.ActiveCfg = Debug|Any CPU
		{18EEF11B-C66B-4302-8361-C85F7CC4837C}.Debug|Any CPU.Build.0 = Debug|Any CPU
		{18EEF11B-C66B-4302-8361-C85F7CC4837C}.Release|Any CPU.ActiveCfg = Release|Any CPU
		{18EEF11B-C66B-4302-8361-C85F7CC4837C}.Release|Any CPU.Build.0 = Release|Any CPU
		{2ADFABA3-BF88-421B-BDDC-FAF47C259B2B}.Debug|Any CPU.ActiveCfg = Debug|Any CPU
		{2ADFABA3-BF88-421B-BDDC-FAF47C259B2B}.Debug|Any CPU.Build.0 = Debug|Any CPU
		{2ADFABA3-BF88-421B-BDDC-FAF47C259B2B}.Release|Any CPU.ActiveCfg = Release|Any CPU
		{2ADFABA3-BF88-421B-BDDC-FAF47C259B2B}.Release|Any CPU.Build.0 = Release|Any CPU
		{4E061CD0-14A1-4BD7-9D61-F02B4822C6BA}.Debug|Any CPU.ActiveCfg = Debug|Any CPU
		{4E061CD0-14A1-4BD7-9D61-F02B4822C6BA}.Debug|Any CPU.Build.0 = Debug|Any CPU
		{4E061CD0-14A1-4BD7-9D61-F02B4822C6BA}.Release|Any CPU.ActiveCfg = Release|Any CPU
		{4E061CD0-14A1-4BD7-9D61-F02B4822C6BA}.Release|Any CPU.Build.0 = Release|Any CPU
		{700F9530-03E8-47C0-A995-07A2DB553DA8}.Debug|Any CPU.ActiveCfg = Debug|Any CPU
		{700F9530-03E8-47C0-A995-07A2DB553DA8}.Debug|Any CPU.Build.0 = Debug|Any CPU
		{700F9530-03E8-47C0-A995-07A2DB553DA8}.Release|Any CPU.ActiveCfg = Release|Any CPU
		{700F9530-03E8-47C0-A995-07A2DB553DA8}.Release|Any CPU.Build.0 = Release|Any CPU
	EndGlobalSection
	GlobalSection(SolutionProperties) = preSolution
		HideSolutionNode = FALSE
	EndGlobalSection
	GlobalSection(ExtensibilityGlobals) = postSolution
		SolutionGuid = {31423A85-B2C3-4099-B2C2-72A834D1C912}
	EndGlobalSection
EndGlobal
